
Microsoft Visual Studio Solution File, Format Version 12.00
# Visual Studio Version 16
VisualStudioVersion = 16.0.32126.315
MinimumVisualStudioVersion = 10.0.40219.1
Project("{FAE04EC0-301F-11D3-BF4B-00C04F79EFBC}") = "Klijent", "Klijent\Klijent.csproj", "{6F2105EE-D9DC-434B-AD21-C6CC8163173B}"
EndProject
Global
	GlobalSection(SolutionConfigurationPlatforms) = preSolution
		Debug|Any CPU = Debug|Any CPU
		Release|Any CPU = Release|Any CPU
	EndGlobalSection
	GlobalSection(ProjectConfigurationPlatforms) = postSolution
		{6F2105EE-D9DC-434B-AD21-C6CC8163173B}.Debug|Any CPU.ActiveCfg = Debug|Any CPU
		{6F2105EE-D9DC-434B-AD21-C6CC8163173B}.Debug|Any CPU.Build.0 = Debug|Any CPU
		{6F2105EE-D9DC-434B-AD21-C6CC8163173B}.Release|Any CPU.ActiveCfg = Release|Any CPU
		{6F2105EE-D9DC-434B-AD21-C6CC8163173B}.Release|Any CPU.Build.0 = Release|Any CPU
	EndGlobalSection
	GlobalSection(SolutionProperties) = preSolution
		HideSolutionNode = FALSE
	EndGlobalSection
	GlobalSection(ExtensibilityGlobals) = postSolution
		SolutionGuid = {12535B6C-1AE1-4513-918E-B68DABF38431}
	EndGlobalSection
EndGlobal
